// !$*UTF8*$!
{
	archiveVersion = 1;
	classes = {
	};
	objectVersion = 55;
	objects = {

/* Begin PBXBuildFile section */
		2A17640728CF63980028CB5D /* AppDelegate.swift in Sources */ = {isa = PBXBuildFile; fileRef = 2A17640628CF63980028CB5D /* AppDelegate.swift */; };
		2A17640928CF63980028CB5D /* SceneDelegate.swift in Sources */ = {isa = PBXBuildFile; fileRef = 2A17640828CF63980028CB5D /* SceneDelegate.swift */; };
		2A17640B28CF63980028CB5D /* ViewController.swift in Sources */ = {isa = PBXBuildFile; fileRef = 2A17640A28CF63980028CB5D /* ViewController.swift */; };
		2A17640E28CF63980028CB5D /* Main.storyboard in Resources */ = {isa = PBXBuildFile; fileRef = 2A17640C28CF63980028CB5D /* Main.storyboard */; };
		2A17641028CF63990028CB5D /* Assets.xcassets in Resources */ = {isa = PBXBuildFile; fileRef = 2A17640F28CF63990028CB5D /* Assets.xcassets */; };
		2A17641328CF63990028CB5D /* LaunchScreen.storyboard in Resources */ = {isa = PBXBuildFile; fileRef = 2A17641128CF63990028CB5D /* LaunchScreen.storyboard */; };
		2A17641E28CF639A0028CB5D /* bitcoinPriceTests.swift in Sources */ = {isa = PBXBuildFile; fileRef = 2A17641D28CF639A0028CB5D /* bitcoinPriceTests.swift */; };
		2A17642828CF639A0028CB5D /* bitcoinPriceUITests.swift in Sources */ = {isa = PBXBuildFile; fileRef = 2A17642728CF639A0028CB5D /* bitcoinPriceUITests.swift */; };
		2A17642A28CF639A0028CB5D /* bitcoinPriceUITestsLaunchTests.swift in Sources */ = {isa = PBXBuildFile; fileRef = 2A17642928CF639A0028CB5D /* bitcoinPriceUITestsLaunchTests.swift */; };
		2A52ACD928E0BE23004E3A92 /* bitCoinManager.swift in Sources */ = {isa = PBXBuildFile; fileRef = 2A52ACD828E0BE23004E3A92 /* bitCoinManager.swift */; };
		2AED479328E04D1C009443DB /* bitConinData.swift in Sources */ = {isa = PBXBuildFile; fileRef = 2AED479228E04D1C009443DB /* bitConinData.swift */; };
/* End PBXBuildFile section */

/* Begin PBXContainerItemProxy section */
		2A17641A28CF639A0028CB5D /* PBXContainerItemProxy */ = {
			isa = PBXContainerItemProxy;
			containerPortal = 2A1763FB28CF63980028CB5D /* Project object */;
			proxyType = 1;
			remoteGlobalIDString = 2A17640228CF63980028CB5D;
			remoteInfo = bitcoinPrice;
		};
		2A17642428CF639A0028CB5D /* PBXContainerItemProxy */ = {
			isa = PBXContainerItemProxy;
			containerPortal = 2A1763FB28CF63980028CB5D /* Project object */;
			proxyType = 1;
			remoteGlobalIDString = 2A17640228CF63980028CB5D;
			remoteInfo = bitcoinPrice;
		};
/* End PBXContainerItemProxy section */

/* Begin PBXFileReference section */
		2A17640328CF63980028CB5D /* bitcoinPrice.app */ = {isa = PBXFileReference; explicitFileType = wrapper.application; includeInIndex = 0; path = bitcoinPrice.app; sourceTree = BUILT_PRODUCTS_DIR; };
		2A17640628CF63980028CB5D /* AppDelegate.swift */ = {isa = PBXFileReference; lastKnownFileType = sourcecode.swift; path = AppDelegate.swift; sourceTree = "<group>"; };
		2A17640828CF63980028CB5D /* SceneDelegate.swift */ = {isa = PBXFileReference; lastKnownFileType = sourcecode.swift; path = SceneDelegate.swift; sourceTree = "<group>"; };
		2A17640A28CF63980028CB5D /* ViewController.swift */ = {isa = PBXFileReference; lastKnownFileType = sourcecode.swift; path = ViewController.swift; sourceTree = "<group>"; };
		2A17640D28CF63980028CB5D /* Base */ = {isa = PBXFileReference; lastKnownFileType = file.storyboard; name = Base; path = Base.lproj/Main.storyboard; sourceTree = "<group>"; };
		2A17640F28CF63990028CB5D /* Assets.xcassets */ = {isa = PBXFileReference; lastKnownFileType = folder.assetcatalog; path = Assets.xcassets; sourceTree = "<group>"; };
		2A17641228CF63990028CB5D /* Base */ = {isa = PBXFileReference; lastKnownFileType = file.storyboard; name = Base; path = Base.lproj/LaunchScreen.storyboard; sourceTree = "<group>"; };
		2A17641428CF63990028CB5D /* Info.plist */ = {isa = PBXFileReference; lastKnownFileType = text.plist.xml; path = Info.plist; sourceTree = "<group>"; };
		2A17641928CF639A0028CB5D /* bitcoinPriceTests.xctest */ = {isa = PBXFileReference; explicitFileType = wrapper.cfbundle; includeInIndex = 0; path = bitcoinPriceTests.xctest; sourceTree = BUILT_PRODUCTS_DIR; };
		2A17641D28CF639A0028CB5D /* bitcoinPriceTests.swift */ = {isa = PBXFileReference; lastKnownFileType = sourcecode.swift; path = bitcoinPriceTests.swift; sourceTree = "<group>"; };
		2A17642328CF639A0028CB5D /* bitcoinPriceUITests.xctest */ = {isa = PBXFileReference; explicitFileType = wrapper.cfbundle; includeInIndex = 0; path = bitcoinPriceUITests.xctest; sourceTree = BUILT_PRODUCTS_DIR; };
		2A17642728CF639A0028CB5D /* bitcoinPriceUITests.swift */ = {isa = PBXFileReference; lastKnownFileType = sourcecode.swift; path = bitcoinPriceUITests.swift; sourceTree = "<group>"; };
		2A17642928CF639A0028CB5D /* bitcoinPriceUITestsLaunchTests.swift */ = {isa = PBXFileReference; lastKnownFileType = sourcecode.swift; path = bitcoinPriceUITestsLaunchTests.swift; sourceTree = "<group>"; };
		2A52ACD828E0BE23004E3A92 /* bitCoinManager.swift */ = {isa = PBXFileReference; lastKnownFileType = sourcecode.swift; path = bitCoinManager.swift; sourceTree = "<group>"; };
		2AED479228E04D1C009443DB /* bitConinData.swift */ = {isa = PBXFileReference; lastKnownFileType = sourcecode.swift; path = bitConinData.swift; sourceTree = "<group>"; };
/* End PBXFileReference section */

/* Begin PBXFrameworksBuildPhase section */
		2A17640028CF63980028CB5D /* Frameworks */ = {
			isa = PBXFrameworksBuildPhase;
			buildActionMask = 2147483647;
			files = (
			);
			runOnlyForDeploymentPostprocessing = 0;
		};
		2A17641628CF639A0028CB5D /* Frameworks */ = {
			isa = PBXFrameworksBuildPhase;
			buildActionMask = 2147483647;
			files = (
			);
			runOnlyForDeploymentPostprocessing = 0;
		};
		2A17642028CF639A0028CB5D /* Frameworks */ = {
			isa = PBXFrameworksBuildPhase;
			buildActionMask = 2147483647;
			files = (
			);
			runOnlyForDeploymentPostprocessing = 0;
		};
/* End PBXFrameworksBuildPhase section */

/* Begin PBXGroup section */
		2A1763FA28CF63980028CB5D = {
			isa = PBXGroup;
			children = (
				2A17640528CF63980028CB5D /* bitcoinPrice */,
				2A17641C28CF639A0028CB5D /* bitcoinPriceTests */,
				2A17642628CF639A0028CB5D /* bitcoinPriceUITests */,
				2A17640428CF63980028CB5D /* Products */,
			);
			sourceTree = "<group>";
		};
		2A17640428CF63980028CB5D /* Products */ = {
			isa = PBXGroup;
			children = (
				2A17640328CF63980028CB5D /* bitcoinPrice.app */,
				2A17641928CF639A0028CB5D /* bitcoinPriceTests.xctest */,
				2A17642328CF639A0028CB5D /* bitcoinPriceUITests.xctest */,
			);
			name = Products;
			sourceTree = "<group>";
		};
		2A17640528CF63980028CB5D /* bitcoinPrice */ = {
			isa = PBXGroup;
			children = (
				2A17640628CF63980028CB5D /* AppDelegate.swift */,
				2A17640828CF63980028CB5D /* SceneDelegate.swift */,
				2A75F27F28D5F83700C5AFF4 /* control */,
				2A75F27E28D5F82B00C5AFF4 /* view */,
				2AED479128E04CDD009443DB /* model */,
				2A17640F28CF63990028CB5D /* Assets.xcassets */,
				2A17641128CF63990028CB5D /* LaunchScreen.storyboard */,
				2A17641428CF63990028CB5D /* Info.plist */,
			);
			path = bitcoinPrice;
			sourceTree = "<group>";
		};
		2A17641C28CF639A0028CB5D /* bitcoinPriceTests */ = {
			isa = PBXGroup;
			children = (
				2A17641D28CF639A0028CB5D /* bitcoinPriceTests.swift */,
			);
			path = bitcoinPriceTests;
			sourceTree = "<group>";
		};
		2A17642628CF639A0028CB5D /* bitcoinPriceUITests */ = {
			isa = PBXGroup;
			children = (
				2A17642728CF639A0028CB5D /* bitcoinPriceUITests.swift */,
				2A17642928CF639A0028CB5D /* bitcoinPriceUITestsLaunchTests.swift */,
			);
			path = bitcoinPriceUITests;
			sourceTree = "<group>";
		};
		2A75F27E28D5F82B00C5AFF4 /* view */ = {
			isa = PBXGroup;
			children = (
				2A17640C28CF63980028CB5D /* Main.storyboard */,
			);
			path = view;
			sourceTree = "<group>";
		};
		2A75F27F28D5F83700C5AFF4 /* control */ = {
			isa = PBXGroup;
			children = (
				2A17640A28CF63980028CB5D /* ViewController.swift */,
			);
			path = control;
			sourceTree = "<group>";
		};
		2AED479128E04CDD009443DB /* model */ = {
			isa = PBXGroup;
			children = (
				2AED479228E04D1C009443DB /* bitConinData.swift */,
				2A52ACD828E0BE23004E3A92 /* bitCoinManager.swift */,
			);
			path = model;
			sourceTree = "<group>";
		};
/* End PBXGroup section */

/* Begin PBXNativeTarget section */
		2A17640228CF63980028CB5D /* bitcoinPrice */ = {
			isa = PBXNativeTarget;
			buildConfigurationList = 2A17642D28CF639A0028CB5D /* Build configuration list for PBXNativeTarget "bitcoinPrice" */;
			buildPhases = (
				2A1763FF28CF63980028CB5D /* Sources */,
				2A17640028CF63980028CB5D /* Frameworks */,
				2A17640128CF63980028CB5D /* Resources */,
			);
			buildRules = (
			);
			dependencies = (
			);
			name = bitcoinPrice;
			productName = bitcoinPrice;
			productReference = 2A17640328CF63980028CB5D /* bitcoinPrice.app */;
			productType = "com.apple.product-type.application";
		};
		2A17641828CF639A0028CB5D /* bitcoinPriceTests */ = {
			isa = PBXNativeTarget;
			buildConfigurationList = 2A17643028CF639A0028CB5D /* Build configuration list for PBXNativeTarget "bitcoinPriceTests" */;
			buildPhases = (
				2A17641528CF639A0028CB5D /* Sources */,
				2A17641628CF639A0028CB5D /* Frameworks */,
				2A17641728CF639A0028CB5D /* Resources */,
			);
			buildRules = (
			);
			dependencies = (
				2A17641B28CF639A0028CB5D /* PBXTargetDependency */,
			);
			name = bitcoinPriceTests;
			productName = bitcoinPriceTests;
			productReference = 2A17641928CF639A0028CB5D /* bitcoinPriceTests.xctest */;
			productType = "com.apple.product-type.bundle.unit-test";
		};
		2A17642228CF639A0028CB5D /* bitcoinPriceUITests */ = {
			isa = PBXNativeTarget;
			buildConfigurationList = 2A17643328CF639A0028CB5D /* Build configuration list for PBXNativeTarget "bitcoinPriceUITests" */;
			buildPhases = (
				2A17641F28CF639A0028CB5D /* Sources */,
				2A17642028CF639A0028CB5D /* Frameworks */,
				2A17642128CF639A0028CB5D /* Resources */,
			);
			buildRules = (
			);
			dependencies = (
				2A17642528CF639A0028CB5D /* PBXTargetDependency */,
			);
			name = bitcoinPriceUITests;
			productName = bitcoinPriceUITests;
			productReference = 2A17642328CF639A0028CB5D /* bitcoinPriceUITests.xctest */;
			productType = "com.apple.product-type.bundle.ui-testing";
		};
/* End PBXNativeTarget section */

/* Begin PBXProject section */
		2A1763FB28CF63980028CB5D /* Project object */ = {
			isa = PBXProject;
			attributes = {
				BuildIndependentTargetsInParallel = 1;
				LastSwiftUpdateCheck = 1320;
				LastUpgradeCheck = 1320;
				TargetAttributes = {
					2A17640228CF63980028CB5D = {
						CreatedOnToolsVersion = 13.2.1;
					};
					2A17641828CF639A0028CB5D = {
						CreatedOnToolsVersion = 13.2.1;
						TestTargetID = 2A17640228CF63980028CB5D;
					};
					2A17642228CF639A0028CB5D = {
						CreatedOnToolsVersion = 13.2.1;
						TestTargetID = 2A17640228CF63980028CB5D;
					};
				};
			};
			buildConfigurationList = 2A1763FE28CF63980028CB5D /* Build configuration list for PBXProject "bitcoinPrice" */;
			compatibilityVersion = "Xcode 13.0";
			developmentRegion = en;
			hasScannedForEncodings = 0;
			knownRegions = (
				en,
				Base,
			);
			mainGroup = 2A1763FA28CF63980028CB5D;
			productRefGroup = 2A17640428CF63980028CB5D /* Products */;
			projectDirPath = "";
			projectRoot = "";
			targets = (
				2A17640228CF63980028CB5D /* bitcoinPrice */,
				2A17641828CF639A0028CB5D /* bitcoinPriceTests */,
				2A17642228CF639A0028CB5D /* bitcoinPriceUITests */,
			);
		};
/* End PBXProject section */

/* Begin PBXResourcesBuildPhase section */
		2A17640128CF63980028CB5D /* Resources */ = {
			isa = PBXResourcesBuildPhase;
			buildActionMask = 2147483647;
			files = (
				2A17641328CF63990028CB5D /* LaunchScreen.storyboard in Resources */,
				2A17641028CF63990028CB5D /* Assets.xcassets in Resources */,
				2A17640E28CF63980028CB5D /* Main.storyboard in Resources */,
			);
			runOnlyForDeploymentPostprocessing = 0;
		};
		2A17641728CF639A0028CB5D /* Resources */ = {
			isa = PBXResourcesBuildPhase;
			buildActionMask = 2147483647;
			files = (
			);
			runOnlyForDeploymentPostprocessing = 0;
		};
		2A17642128CF639A0028CB5D /* Resources */ = {
			isa = PBXResourcesBuildPhase;
			buildActionMask = 2147483647;
			files = (
			);
			runOnlyForDeploymentPostprocessing = 0;
		};
/* End PBXResourcesBuildPhase section */

/* Begin PBXSourcesBuildPhase section */
		2A1763FF28CF63980028CB5D /* Sources */ = {
			isa = PBXSourcesBuildPhase;
			buildActionMask = 2147483647;
			files = (
				2A52ACD928E0BE23004E3A92 /* bitCoinManager.swift in Sources */,
				2A17640B28CF63980028CB5D /* ViewController.swift in Sources */,
				2AED479328E04D1C009443DB /* bitConinData.swift in Sources */,
				2A17640728CF63980028CB5D /* AppDelegate.swift in Sources */,
				2A17640928CF63980028CB5D /* SceneDelegate.swift in Sources */,
			);
			runOnlyForDeploymentPostprocessing = 0;
		};
		2A17641528CF639A0028CB5D /* Sources */ = {
			isa = PBXSourcesBuildPhase;
			buildActionMask = 2147483647;
			files = (
				2A17641E28CF639A0028CB5D /* bitcoinPriceTests.swift in Sources */,
			);
			runOnlyForDeploymentPostprocessing = 0;
		};
		2A17641F28CF639A0028CB5D /* Sources */ = {
			isa = PBXSourcesBuildPhase;
			buildActionMask = 2147483647;
			files = (
				2A17642828CF639A0028CB5D /* bitcoinPriceUITests.swift in Sources */,
				2A17642A28CF639A0028CB5D /* bitcoinPriceUITestsLaunchTests.swift in Sources */,
			);
			runOnlyForDeploymentPostprocessing = 0;
		};
/* End PBXSourcesBuildPhase section */

/* Begin PBXTargetDependency section */
		2A17641B28CF639A0028CB5D /* PBXTargetDependency */ = {
			isa = PBXTargetDependency;
			target = 2A17640228CF63980028CB5D /* bitcoinPrice */;
			targetProxy = 2A17641A28CF639A0028CB5D /* PBXContainerItemProxy */;
		};
		2A17642528CF639A0028CB5D /* PBXTargetDependency */ = {
			isa = PBXTargetDependency;
			target = 2A17640228CF63980028CB5D /* bitcoinPrice */;
			targetProxy = 2A17642428CF639A0028CB5D /* PBXContainerItemProxy */;
		};
/* End PBXTargetDependency section */

/* Begin PBXVariantGroup section */
		2A17640C28CF63980028CB5D /* Main.storyboard */ = {
			isa = PBXVariantGroup;
			children = (
				2A17640D28CF63980028CB5D /* Base */,
			);
			name = Main.storyboard;
			sourceTree = "<group>";
		};
		2A17641128CF63990028CB5D /* LaunchScreen.storyboard */ = {
			isa = PBXVariantGroup;
			children = (
				2A17641228CF63990028CB5D /* Base */,
			);
			name = LaunchScreen.storyboard;
			sourceTree = "<group>";
		};
/* End PBXVariantGroup section */

/* Begin XCBuildConfiguration section */
		2A17642B28CF639A0028CB5D /* Debug */ = {
			isa = XCBuildConfiguration;
			buildSettings = {
				ALWAYS_SEARCH_USER_PATHS = NO;
				CLANG_ANALYZER_NONNULL = YES;
				CLANG_ANALYZER_NUMBER_OBJECT_CONVERSION = YES_AGGRESSIVE;
				CLANG_CXX_LANGUAGE_STANDARD = "gnu++17";
				CLANG_CXX_LIBRARY = "libc++";
				CLANG_ENABLE_MODULES = YES;
				CLANG_ENABLE_OBJC_ARC = YES;
				CLANG_ENABLE_OBJC_WEAK = YES;
				CLANG_WARN_BLOCK_CAPTURE_AUTORELEASING = YES;
				CLANG_WARN_BOOL_CONVERSION = YES;
				CLANG_WARN_COMMA = YES;
				CLANG_WARN_CONSTANT_CONVERSION = YES;
				CLANG_WARN_DEPRECATED_OBJC_IMPLEMENTATIONS = YES;
				CLANG_WARN_DIRECT_OBJC_ISA_USAGE = YES_ERROR;
				CLANG_WARN_DOCUMENTATION_COMMENTS = YES;
				CLANG_WARN_EMPTY_BODY = YES;
				CLANG_WARN_ENUM_CONVERSION = YES;
				CLANG_WARN_INFINITE_RECURSION = YES;
				CLANG_WARN_INT_CONVERSION = YES;
				CLANG_WARN_NON_LITERAL_NULL_CONVERSION = YES;
				CLANG_WARN_OBJC_IMPLICIT_RETAIN_SELF = YES;
				CLANG_WARN_OBJC_LITERAL_CONVERSION = YES;
				CLANG_WARN_OBJC_ROOT_CLASS = YES_ERROR;
				CLANG_WARN_QUOTED_INCLUDE_IN_FRAMEWORK_HEADER = YES;
				CLANG_WARN_RANGE_LOOP_ANALYSIS = YES;
				CLANG_WARN_STRICT_PROTOTYPES = YES;
				CLANG_WARN_SUSPICIOUS_MOVE = YES;
				CLANG_WARN_UNGUARDED_AVAILABILITY = YES_AGGRESSIVE;
				CLANG_WARN_UNREACHABLE_CODE = YES;
				CLANG_WARN__DUPLICATE_METHOD_MATCH = YES;
				COPY_PHASE_STRIP = NO;
				DEBUG_INFORMATION_FORMAT = dwarf;
				ENABLE_STRICT_OBJC_MSGSEND = YES;
				ENABLE_TESTABILITY = YES;
				GCC_C_LANGUAGE_STANDARD = gnu11;
				GCC_DYNAMIC_NO_PIC = NO;
				GCC_NO_COMMON_BLOCKS = YES;
				GCC_OPTIMIZATION_LEVEL = 0;
				GCC_PREPROCESSOR_DEFINITIONS = (
					"DEBUG=1",
					"$(inherited)",
				);
				GCC_WARN_64_TO_32_BIT_CONVERSION = YES;
				GCC_WARN_ABOUT_RETURN_TYPE = YES_ERROR;
				GCC_WARN_UNDECLARED_SELECTOR = YES;
				GCC_WARN_UNINITIALIZED_AUTOS = YES_AGGRESSIVE;
				GCC_WARN_UNUSED_FUNCTION = YES;
				GCC_WARN_UNUSED_VARIABLE = YES;
				IPHONEOS_DEPLOYMENT_TARGET = 15.2;
				MTL_ENABLE_DEBUG_INFO = INCLUDE_SOURCE;
				MTL_FAST_MATH = YES;
				ONLY_ACTIVE_ARCH = YES;
				SDKROOT = iphoneos;
				SWIFT_ACTIVE_COMPILATION_CONDITIONS = DEBUG;
				SWIFT_OPTIMIZATION_LEVEL = "-Onone";
			};
			name = Debug;
		};
		2A17642C28CF639A0028CB5D /* Release */ = {
			isa = XCBuildConfiguration;
			buildSettings = {
				ALWAYS_SEARCH_USER_PATHS = NO;
				CLANG_ANALYZER_NONNULL = YES;
				CLANG_ANALYZER_NUMBER_OBJECT_CONVERSION = YES_AGGRESSIVE;
				CLANG_CXX_LANGUAGE_STANDARD = "gnu++17";
				CLANG_CXX_LIBRARY = "libc++";
				CLANG_ENABLE_MODULES = YES;
				CLANG_ENABLE_OBJC_ARC = YES;
				CLANG_ENABLE_OBJC_WEAK = YES;
				CLANG_WARN_BLOCK_CAPTURE_AUTORELEASING = YES;
				CLANG_WARN_BOOL_CONVERSION = YES;
				CLANG_WARN_COMMA = YES;
				CLANG_WARN_CONSTANT_CONVERSION = YES;
				CLANG_WARN_DEPRECATED_OBJC_IMPLEMENTATIONS = YES;
				CLANG_WARN_DIRECT_OBJC_ISA_USAGE = YES_ERROR;
				CLANG_WARN_DOCUMENTATION_COMMENTS = YES;
				CLANG_WARN_EMPTY_BODY = YES;
				CLANG_WARN_ENUM_CONVERSION = YES;
				CLANG_WARN_INFINITE_RECURSION = YES;
				CLANG_WARN_INT_CONVERSION = YES;
				CLANG_WARN_NON_LITERAL_NULL_CONVERSION = YES;
				CLANG_WARN_OBJC_IMPLICIT_RETAIN_SELF = YES;
				CLANG_WARN_OBJC_LITERAL_CONVERSION = YES;
				CLANG_WARN_OBJC_ROOT_CLASS = YES_ERROR;
				CLANG_WARN_QUOTED_INCLUDE_IN_FRAMEWORK_HEADER = YES;
				CLANG_WARN_RANGE_LOOP_ANALYSIS = YES;
				CLANG_WARN_STRICT_PROTOTYPES = YES;
				CLANG_WARN_SUSPICIOUS_MOVE = YES;
				CLANG_WARN_UNGUARDED_AVAILABILITY = YES_AGGRESSIVE;
				CLANG_WARN_UNREACHABLE_CODE = YES;
				CLANG_WARN__DUPLICATE_METHOD_MATCH = YES;
				COPY_PHASE_STRIP = NO;
				DEBUG_INFORMATION_FORMAT = "dwarf-with-dsym";
				ENABLE_NS_ASSERTIONS = NO;
				ENABLE_STRICT_OBJC_MSGSEND = YES;
				GCC_C_LANGUAGE_STANDARD = gnu11;
				GCC_NO_COMMON_BLOCKS = YES;
				GCC_WARN_64_TO_32_BIT_CONVERSION = YES;
				GCC_WARN_ABOUT_RETURN_TYPE = YES_ERROR;
				GCC_WARN_UNDECLARED_SELECTOR = YES;
				GCC_WARN_UNINITIALIZED_AUTOS = YES_AGGRESSIVE;
				GCC_WARN_UNUSED_FUNCTION = YES;
				GCC_WARN_UNUSED_VARIABLE = YES;
				IPHONEOS_DEPLOYMENT_TARGET = 15.2;
				MTL_ENABLE_DEBUG_INFO = NO;
				MTL_FAST_MATH = YES;
				SDKROOT = iphoneos;
				SWIFT_COMPILATION_MODE = wholemodule;
				SWIFT_OPTIMIZATION_LEVEL = "-O";
				VALIDATE_PRODUCT = YES;
			};
			name = Release;
		};
		2A17642E28CF639A0028CB5D /* Debug */ = {
			isa = XCBuildConfiguration;
			buildSettings = {
				ASSETCATALOG_COMPILER_APPICON_NAME = AppIcon;
				ASSETCATALOG_COMPILER_GLOBAL_ACCENT_COLOR_NAME = AccentColor;
				CODE_SIGN_STYLE = Automatic;
				CURRENT_PROJECT_VERSION = 1;
				GENERATE_INFOPLIST_FILE = YES;
				INFOPLIST_FILE = bitcoinPrice/Info.plist;
				INFOPLIST_KEY_UIApplicationSupportsIndirectInputEvents = YES;
				INFOPLIST_KEY_UILaunchStoryboardName = LaunchScreen;
				INFOPLIST_KEY_UIMainStoryboardFile = Main;
				INFOPLIST_KEY_UISupportedInterfaceOrientations_iPad = "UIInterfaceOrientationPortrait UIInterfaceOrientationPortraitUpsideDown UIInterfaceOrientationLandscapeLeft UIInterfaceOrientationLandscapeRight";
				INFOPLIST_KEY_UISupportedInterfaceOrientations_iPhone = "UIInterfaceOrientationPortrait UIInterfaceOrientationLandscapeLeft UIInterfaceOrientationLandscapeRight";
				LD_RUNPATH_SEARCH_PATHS = (
					"$(inherited)",
					"@executable_path/Frameworks",
				);
				MARKETING_VERSION = 1.0;
				PRODUCT_BUNDLE_IDENTIFIER = Amr.bitcoinPrice;
				PRODUCT_NAME = "$(TARGET_NAME)";
				SWIFT_EMIT_LOC_STRINGS = YES;
				SWIFT_VERSION = 5.0;
				TARGETED_DEVICE_FAMILY = "1,2";
			};
			name = Debug;
		};
		2A17642F28CF639A0028CB5D /* Release */ = {
			isa = XCBuildConfiguration;
			buildSettings = {
				ASSETCATALOG_COMPILER_APPICON_NAME = AppIcon;
				ASSETCATALOG_COMPILER_GLOBAL_ACCENT_COLOR_NAME = AccentColor;
				CODE_SIGN_STYLE = Automatic;
				CURRENT_PROJECT_VERSION = 1;
				GENERATE_INFOPLIST_FILE = YES;
				INFOPLIST_FILE = bitcoinPrice/Info.plist;
				INFOPLIST_KEY_UIApplicationSupportsIndirectInputEvents = YES;
				INFOPLIST_KEY_UILaunchStoryboardName = LaunchScreen;
				INFOPLIST_KEY_UIMainStoryboardFile = Main;
				INFOPLIST_KEY_UISupportedInterfaceOrientations_iPad = "UIInterfaceOrientationPortrait UIInterfaceOrientationPortraitUpsideDown UIInterfaceOrientationLandscapeLeft UIInterfaceOrientationLandscapeRight";
				INFOPLIST_KEY_UISupportedInterfaceOrientations_iPhone = "UIInterfaceOrientationPortrait UIInterfaceOrientationLandscapeLeft UIInterfaceOrientationLandscapeRight";
				LD_RUNPATH_SEARCH_PATHS = (
					"$(inherited)",
					"@executable_path/Frameworks",
				);
				MARKETING_VERSION = 1.0;
				PRODUCT_BUNDLE_IDENTIFIER = Amr.bitcoinPrice;
				PRODUCT_NAME = "$(TARGET_NAME)";
				SWIFT_EMIT_LOC_STRINGS = YES;
				SWIFT_VERSION = 5.0;
				TARGETED_DEVICE_FAMILY = "1,2";
			};
			name = Release;
		};
		2A17643128CF639A0028CB5D /* Debug */ = {
			isa = XCBuildConfiguration;
			buildSettings = {
				ALWAYS_EMBED_SWIFT_STANDARD_LIBRARIES = YES;
				BUNDLE_LOADER = "$(TEST_HOST)";
				CODE_SIGN_STYLE = Automatic;
				CURRENT_PROJECT_VERSION = 1;
				GENERATE_INFOPLIST_FILE = YES;
				IPHONEOS_DEPLOYMENT_TARGET = 15.2;
				MARKETING_VERSION = 1.0;
				PRODUCT_BUNDLE_IDENTIFIER = Amr.bitcoinPriceTests;
				PRODUCT_NAME = "$(TARGET_NAME)";
				SWIFT_EMIT_LOC_STRINGS = NO;
				SWIFT_VERSION = 5.0;
				TARGETED_DEVICE_FAMILY = "1,2";
				TEST_HOST = "$(BUILT_PRODUCTS_DIR)/bitcoinPrice.app/bitcoinPrice";
			};
			name = Debug;
		};
		2A17643228CF639A0028CB5D /* Release */ = {
			isa = XCBuildConfiguration;
			buildSettings = {
				ALWAYS_EMBED_SWIFT_STANDARD_LIBRARIES = YES;
				BUNDLE_LOADER = "$(TEST_HOST)";
				CODE_SIGN_STYLE = Automatic;
				CURRENT_PROJECT_VERSION = 1;
				GENERATE_INFOPLIST_FILE = YES;
				IPHONEOS_DEPLOYMENT_TARGET = 15.2;
				MARKETING_VERSION = 1.0;
				PRODUCT_BUNDLE_IDENTIFIER = Amr.bitcoinPriceTests;
				PRODUCT_NAME = "$(TARGET_NAME)";
				SWIFT_EMIT_LOC_STRINGS = NO;
				SWIFT_VERSION = 5.0;
				TARGETED_DEVICE_FAMILY = "1,2";
				TEST_HOST = "$(BUILT_PRODUCTS_DIR)/bitcoinPrice.app/bitcoinPrice";
			};
			name = Release;
		};
		2A17643428CF639A0028CB5D /* Debug */ = {
			isa = XCBuildConfiguration;
			buildSettings = {
				ALWAYS_EMBED_SWIFT_STANDARD_LIBRARIES = YES;
				CODE_SIGN_STYLE = Automatic;
				CURRENT_PROJECT_VERSION = 1;
				GENERATE_INFOPLIST_FILE = YES;
				MARKETING_VERSION = 1.0;
				PRODUCT_BUNDLE_IDENTIFIER = Amr.bitcoinPriceUITests;
				PRODUCT_NAME = "$(TARGET_NAME)";
				SWIFT_EMIT_LOC_STRINGS = NO;
				SWIFT_VERSION = 5.0;
				TARGETED_DEVICE_FAMILY = "1,2";
				TEST_TARGET_NAME = bitcoinPrice;
			};
			name = Debug;
		};
		2A17643528CF639A0028CB5D /* Release */ = {
			isa = XCBuildConfiguration;
			buildSettings = {
				ALWAYS_EMBED_SWIFT_STANDARD_LIBRARIES = YES;
				CODE_SIGN_STYLE = Automatic;
				CURRENT_PROJECT_VERSION = 1;
				GENERATE_INFOPLIST_FILE = YES;
				MARKETING_VERSION = 1.0;
				PRODUCT_BUNDLE_IDENTIFIER = Amr.bitcoinPriceUITests;
				PRODUCT_NAME = "$(TARGET_NAME)";
				SWIFT_EMIT_LOC_STRINGS = NO;
				SWIFT_VERSION = 5.0;
				TARGETED_DEVICE_FAMILY = "1,2";
				TEST_TARGET_NAME = bitcoinPrice;
			};
			name = Release;
		};
/* End XCBuildConfiguration section */

/* Begin XCConfigurationList section */
		2A1763FE28CF63980028CB5D /* Build configuration list for PBXProject "bitcoinPrice" */ = {
			isa = XCConfigurationList;
			buildConfigurations = (
				2A17642B28CF639A0028CB5D /* Debug */,
				2A17642C28CF639A0028CB5D /* Release */,
			);
			defaultConfigurationIsVisible = 0;
			defaultConfigurationName = Release;
		};
		2A17642D28CF639A0028CB5D /* Build configuration list for PBXNativeTarget "bitcoinPrice" */ = {
			isa = XCConfigurationList;
			buildConfigurations = (
				2A17642E28CF639A0028CB5D /* Debug */,
				2A17642F28CF639A0028CB5D /* Release */,
			);
			defaultConfigurationIsVisible = 0;
			defaultConfigurationName = Release;
		};
		2A17643028CF639A0028CB5D /* Build configuration list for PBXNativeTarget "bitcoinPriceTests" */ = {
			isa = XCConfigurationList;
			buildConfigurations = (
				2A17643128CF639A0028CB5D /* Debug */,
				2A17643228CF639A0028CB5D /* Release */,
			);
			defaultConfigurationIsVisible = 0;
			defaultConfigurationName = Release;
		};
		2A17643328CF639A0028CB5D /* Build configuration list for PBXNativeTarget "bitcoinPriceUITests" */ = {
			isa = XCConfigurationList;
			buildConfigurations = (
				2A17643428CF639A0028CB5D /* Debug */,
				2A17643528CF639A0028CB5D /* Release */,
			);
			defaultConfigurationIsVisible = 0;
			defaultConfigurationName = Release;
		};
/* End XCConfigurationList section */
	};
	rootObject = 2A1763FB28CF63980028CB5D /* Project object */;
}
